
Microsoft Visual Studio Solution File, Format Version 12.00
# Visual Studio Version 17
VisualStudioVersion = 17.2.32516.85
MinimumVisualStudioVersion = 10.0.40219.1
Project("{9A19103F-16F7-4668-BE54-9A1E7A4F7556}") = "core_admin", "core_admin\core_admin.csproj", "{44AC9C84-CBC8-4BF9-ABE1-7AE9E6D4A564}"
EndProject
Global
	GlobalSection(SolutionConfigurationPlatforms) = preSolution
		Debug|Any CPU = Debug|Any CPU
		Release|Any CPU = Release|Any CPU
	EndGlobalSection
	GlobalSection(ProjectConfigurationPlatforms) = postSolution
		{44AC9C84-CBC8-4BF9-ABE1-7AE9E6D4A564}.Debug|Any CPU.ActiveCfg = Debug|Any CPU
		{44AC9C84-CBC8-4BF9-ABE1-7AE9E6D4A564}.Debug|Any CPU.Build.0 = Debug|Any CPU
		{44AC9C84-CBC8-4BF9-ABE1-7AE9E6D4A564}.Release|Any CPU.ActiveCfg = Release|Any CPU
		{44AC9C84-CBC8-4BF9-ABE1-7AE9E6D4A564}.Release|Any CPU.Build.0 = Release|Any CPU
	EndGlobalSection
	GlobalSection(SolutionProperties) = preSolution
		HideSolutionNode = FALSE
	EndGlobalSection
	GlobalSection(ExtensibilityGlobals) = postSolution
		SolutionGuid = {E29442A7-1813-40A0-9F2C-435D1AF06F77}
	EndGlobalSection
EndGlobal
